
Microsoft Visual Studio Solution File, Format Version 12.00
# Visual Studio Version 16
VisualStudioVersion = 16.0.30114.105
MinimumVisualStudioVersion = 10.0.40219.1
Project("{FAE04EC0-301F-11D3-BF4B-00C04F79EFBC}") = "API", "API\API.csproj", "{3F8FA926-3C49-48B9-A667-4D043A67573C}"
EndProject
Project("{FAE04EC0-301F-11D3-BF4B-00C04F79EFBC}") = "Core", "Core\Core.csproj", "{04F89D18-71D4-471E-A7AD-8D84167FF4DF}"
EndProject
Project("{FAE04EC0-301F-11D3-BF4B-00C04F79EFBC}") = "Infrastructure", "Infrastructure\Infrastructure.csproj", "{06E44CD5-B20C-43EC-805A-62AC5632CA7A}"
EndProject
Global
	GlobalSection(SolutionConfigurationPlatforms) = preSolution
		Debug|Any CPU = Debug|Any CPU
		Release|Any CPU = Release|Any CPU
	EndGlobalSection
	GlobalSection(SolutionProperties) = preSolution
		HideSolutionNode = FALSE
	EndGlobalSection
	GlobalSection(ProjectConfigurationPlatforms) = postSolution
		{3F8FA926-3C49-48B9-A667-4D043A67573C}.Debug|Any CPU.ActiveCfg = Debug|Any CPU
		{3F8FA926-3C49-48B9-A667-4D043A67573C}.Debug|Any CPU.Build.0 = Debug|Any CPU
		{3F8FA926-3C49-48B9-A667-4D043A67573C}.Release|Any CPU.ActiveCfg = Release|Any CPU
		{3F8FA926-3C49-48B9-A667-4D043A67573C}.Release|Any CPU.Build.0 = Release|Any CPU
		{04F89D18-71D4-471E-A7AD-8D84167FF4DF}.Debug|Any CPU.ActiveCfg = Debug|Any CPU
		{04F89D18-71D4-471E-A7AD-8D84167FF4DF}.Debug|Any CPU.Build.0 = Debug|Any CPU
		{04F89D18-71D4-471E-A7AD-8D84167FF4DF}.Release|Any CPU.ActiveCfg = Release|Any CPU
		{04F89D18-71D4-471E-A7AD-8D84167FF4DF}.Release|Any CPU.Build.0 = Release|Any CPU
		{06E44CD5-B20C-43EC-805A-62AC5632CA7A}.Debug|Any CPU.ActiveCfg = Debug|Any CPU
		{06E44CD5-B20C-43EC-805A-62AC5632CA7A}.Debug|Any CPU.Build.0 = Debug|Any CPU
		{06E44CD5-B20C-43EC-805A-62AC5632CA7A}.Release|Any CPU.ActiveCfg = Release|Any CPU
		{06E44CD5-B20C-43EC-805A-62AC5632CA7A}.Release|Any CPU.Build.0 = Release|Any CPU
	EndGlobalSection
EndGlobal
