
Microsoft Visual Studio Solution File, Format Version 12.00
# Visual Studio Version 17
VisualStudioVersion = 17.4.32916.344
MinimumVisualStudioVersion = 10.0.40219.1
Project("{FAE04EC0-301F-11D3-BF4B-00C04F79EFBC}") = "API", "API\API.csproj", "{B4E75751-CCCC-4D14-852A-DB69AE44CFFD}"
EndProject
Project("{FAE04EC0-301F-11D3-BF4B-00C04F79EFBC}") = "Core", "Core\Core.csproj", "{C184810A-3BAE-427C-9EBD-97A805E152B0}"
EndProject
Project("{FAE04EC0-301F-11D3-BF4B-00C04F79EFBC}") = "Infrastructure", "Infrastructure\Infrastructure.csproj", "{91A94CC3-46E9-4E6F-B935-879BA5FF9E82}"
EndProject
Global
	GlobalSection(SolutionConfigurationPlatforms) = preSolution
		Debug|Any CPU = Debug|Any CPU
		Release|Any CPU = Release|Any CPU
	EndGlobalSection
	GlobalSection(ProjectConfigurationPlatforms) = postSolution
		{B4E75751-CCCC-4D14-852A-DB69AE44CFFD}.Debug|Any CPU.ActiveCfg = Debug|Any CPU
		{B4E75751-CCCC-4D14-852A-DB69AE44CFFD}.Debug|Any CPU.Build.0 = Debug|Any CPU
		{B4E75751-CCCC-4D14-852A-DB69AE44CFFD}.Release|Any CPU.ActiveCfg = Release|Any CPU
		{B4E75751-CCCC-4D14-852A-DB69AE44CFFD}.Release|Any CPU.Build.0 = Release|Any CPU
		{C184810A-3BAE-427C-9EBD-97A805E152B0}.Debug|Any CPU.ActiveCfg = Debug|Any CPU
		{C184810A-3BAE-427C-9EBD-97A805E152B0}.Debug|Any CPU.Build.0 = Debug|Any CPU
		{C184810A-3BAE-427C-9EBD-97A805E152B0}.Release|Any CPU.ActiveCfg = Release|Any CPU
		{C184810A-3BAE-427C-9EBD-97A805E152B0}.Release|Any CPU.Build.0 = Release|Any CPU
		{91A94CC3-46E9-4E6F-B935-879BA5FF9E82}.Debug|Any CPU.ActiveCfg = Debug|Any CPU
		{91A94CC3-46E9-4E6F-B935-879BA5FF9E82}.Debug|Any CPU.Build.0 = Debug|Any CPU
		{91A94CC3-46E9-4E6F-B935-879BA5FF9E82}.Release|Any CPU.ActiveCfg = Release|Any CPU
		{91A94CC3-46E9-4E6F-B935-879BA5FF9E82}.Release|Any CPU.Build.0 = Release|Any CPU
	EndGlobalSection
	GlobalSection(SolutionProperties) = preSolution
		HideSolutionNode = FALSE
	EndGlobalSection
	GlobalSection(ExtensibilityGlobals) = postSolution
		SolutionGuid = {AE3E162E-B04D-4A78-87B7-6E9613DC9124}
	EndGlobalSection
EndGlobal
